
Microsoft Visual Studio Solution File, Format Version 12.00
# Visual Studio Version 17
VisualStudioVersion = 17.5.33516.290
MinimumVisualStudioVersion = 10.0.40219.1
Project("{FAE04EC0-301F-11D3-BF4B-00C04F79EFBC}") = "beau", "beau\beau.csproj", "{B24BF120-740A-4C85-BD11-C9A774DA2237}"
EndProject
Global
	GlobalSection(SolutionConfigurationPlatforms) = preSolution
		Debug|Any CPU = Debug|Any CPU
		Release|Any CPU = Release|Any CPU
	EndGlobalSection
	GlobalSection(ProjectConfigurationPlatforms) = postSolution
		{B24BF120-740A-4C85-BD11-C9A774DA2237}.Debug|Any CPU.ActiveCfg = Debug|Any CPU
		{B24BF120-740A-4C85-BD11-C9A774DA2237}.Debug|Any CPU.Build.0 = Debug|Any CPU
		{B24BF120-740A-4C85-BD11-C9A774DA2237}.Release|Any CPU.ActiveCfg = Release|Any CPU
		{B24BF120-740A-4C85-BD11-C9A774DA2237}.Release|Any CPU.Build.0 = Release|Any CPU
	EndGlobalSection
	GlobalSection(SolutionProperties) = preSolution
		HideSolutionNode = FALSE
	EndGlobalSection
	GlobalSection(ExtensibilityGlobals) = postSolution
		SolutionGuid = {10EF0FD9-25C7-4DBC-B021-A1D6D292222D}
	EndGlobalSection
EndGlobal
